// !$*UTF8*$!
{
	archiveVersion = 1;
	classes = {
	};
	objectVersion = 50;
	objects = {

/* Begin PBXBuildFile section */
		EC05F99D26B2B474004DFF69 /* AppDelegate.swift in Sources */ = {isa = PBXBuildFile; fileRef = EC05F99C26B2B474004DFF69 /* AppDelegate.swift */; };
		EC05F99F26B2B474004DFF69 /* SceneDelegate.swift in Sources */ = {isa = PBXBuildFile; fileRef = EC05F99E26B2B474004DFF69 /* SceneDelegate.swift */; };
		EC05F9A126B2B474004DFF69 /* HomeViewController.swift in Sources */ = {isa = PBXBuildFile; fileRef = EC05F9A026B2B474004DFF69 /* HomeViewController.swift */; };
		EC05F9A626B2B476004DFF69 /* Assets.xcassets in Resources */ = {isa = PBXBuildFile; fileRef = EC05F9A526B2B476004DFF69 /* Assets.xcassets */; };
		EC05F9A926B2B476004DFF69 /* LaunchScreen.storyboard in Resources */ = {isa = PBXBuildFile; fileRef = EC05F9A726B2B476004DFF69 /* LaunchScreen.storyboard */; };
		EC05F9B726B2B7D9004DFF69 /* TabBarViewController.swift in Sources */ = {isa = PBXBuildFile; fileRef = EC05F9B626B2B7D9004DFF69 /* TabBarViewController.swift */; };
		EC05F9B926B2B849004DFF69 /* SearchViewController.swift in Sources */ = {isa = PBXBuildFile; fileRef = EC05F9B826B2B849004DFF69 /* SearchViewController.swift */; };
		EC05F9BB26B2B869004DFF69 /* LibraryViewController.swift in Sources */ = {isa = PBXBuildFile; fileRef = EC05F9BA26B2B869004DFF69 /* LibraryViewController.swift */; };
		EC05F9BF26B2B8AF004DFF69 /* AuthViewController.swift in Sources */ = {isa = PBXBuildFile; fileRef = EC05F9BE26B2B8AF004DFF69 /* AuthViewController.swift */; };
		EC05F9C126B2B8C5004DFF69 /* WelcomeViewController.swift in Sources */ = {isa = PBXBuildFile; fileRef = EC05F9C026B2B8C5004DFF69 /* WelcomeViewController.swift */; };
		EC05F9C326B2B8EA004DFF69 /* SettingsViewController.swift in Sources */ = {isa = PBXBuildFile; fileRef = EC05F9C226B2B8EA004DFF69 /* SettingsViewController.swift */; };
		EC05F9C526B2B93F004DFF69 /* ProfileViewController.swift in Sources */ = {isa = PBXBuildFile; fileRef = EC05F9C426B2B93F004DFF69 /* ProfileViewController.swift */; };
		EC05F9C726B2B97E004DFF69 /* PlayerViewController.swift in Sources */ = {isa = PBXBuildFile; fileRef = EC05F9C626B2B97E004DFF69 /* PlayerViewController.swift */; };
		EC05F9C926B2B9A3004DFF69 /* PlaylistViewController.swift in Sources */ = {isa = PBXBuildFile; fileRef = EC05F9C826B2B9A3004DFF69 /* PlaylistViewController.swift */; };
		EC05F9CC26B2B9C8004DFF69 /* SearchResultsViewController.swift in Sources */ = {isa = PBXBuildFile; fileRef = EC05F9CB26B2B9C8004DFF69 /* SearchResultsViewController.swift */; };
		EC05F9CE26B2BA2D004DFF69 /* AuthManager.swift in Sources */ = {isa = PBXBuildFile; fileRef = EC05F9CD26B2BA2D004DFF69 /* AuthManager.swift */; };
		EC05F9D026B2BA42004DFF69 /* APICaller.swift in Sources */ = {isa = PBXBuildFile; fileRef = EC05F9CF26B2BA42004DFF69 /* APICaller.swift */; };
		EC05F9D226B2BA61004DFF69 /* HapticsManager.swift in Sources */ = {isa = PBXBuildFile; fileRef = EC05F9D126B2BA61004DFF69 /* HapticsManager.swift */; };
		EC05F9D426B2BB13004DFF69 /* Playlist.swift in Sources */ = {isa = PBXBuildFile; fileRef = EC05F9D326B2BB13004DFF69 /* Playlist.swift */; };
		EC05F9D626B2BB23004DFF69 /* AudioTrack.swift in Sources */ = {isa = PBXBuildFile; fileRef = EC05F9D526B2BB23004DFF69 /* AudioTrack.swift */; };
		EC05F9DA26B2BB44004DFF69 /* Artist.swift in Sources */ = {isa = PBXBuildFile; fileRef = EC05F9D926B2BB44004DFF69 /* Artist.swift */; };
		EC05F9DC26B2BB53004DFF69 /* UserProfile.swift in Sources */ = {isa = PBXBuildFile; fileRef = EC05F9DB26B2BB53004DFF69 /* UserProfile.swift */; };
		EC05F9DE26B2C9C9004DFF69 /* Extensions.swift in Sources */ = {isa = PBXBuildFile; fileRef = EC05F9DD26B2C9C9004DFF69 /* Extensions.swift */; };
		EC05F9E026B3005E004DFF69 /* AuthResponse.swift in Sources */ = {isa = PBXBuildFile; fileRef = EC05F9DF26B3005E004DFF69 /* AuthResponse.swift */; };
/* End PBXBuildFile section */

/* Begin PBXFileReference section */
		EC05F99926B2B474004DFF69 /* Spotify.app */ = {isa = PBXFileReference; explicitFileType = wrapper.application; includeInIndex = 0; path = Spotify.app; sourceTree = BUILT_PRODUCTS_DIR; };
		EC05F99C26B2B474004DFF69 /* AppDelegate.swift */ = {isa = PBXFileReference; lastKnownFileType = sourcecode.swift; path = AppDelegate.swift; sourceTree = "<group>"; };
		EC05F99E26B2B474004DFF69 /* SceneDelegate.swift */ = {isa = PBXFileReference; lastKnownFileType = sourcecode.swift; path = SceneDelegate.swift; sourceTree = "<group>"; };
		EC05F9A026B2B474004DFF69 /* HomeViewController.swift */ = {isa = PBXFileReference; lastKnownFileType = sourcecode.swift; path = HomeViewController.swift; sourceTree = "<group>"; };
		EC05F9A526B2B476004DFF69 /* Assets.xcassets */ = {isa = PBXFileReference; lastKnownFileType = folder.assetcatalog; path = Assets.xcassets; sourceTree = "<group>"; };
		EC05F9A826B2B476004DFF69 /* Base */ = {isa = PBXFileReference; lastKnownFileType = file.storyboard; name = Base; path = Base.lproj/LaunchScreen.storyboard; sourceTree = "<group>"; };
		EC05F9AA26B2B476004DFF69 /* Info.plist */ = {isa = PBXFileReference; lastKnownFileType = text.plist.xml; path = Info.plist; sourceTree = "<group>"; };
		EC05F9B626B2B7D9004DFF69 /* TabBarViewController.swift */ = {isa = PBXFileReference; lastKnownFileType = sourcecode.swift; path = TabBarViewController.swift; sourceTree = "<group>"; };
		EC05F9B826B2B849004DFF69 /* SearchViewController.swift */ = {isa = PBXFileReference; lastKnownFileType = sourcecode.swift; path = SearchViewController.swift; sourceTree = "<group>"; };
		EC05F9BA26B2B869004DFF69 /* LibraryViewController.swift */ = {isa = PBXFileReference; lastKnownFileType = sourcecode.swift; path = LibraryViewController.swift; sourceTree = "<group>"; };
		EC05F9BE26B2B8AF004DFF69 /* AuthViewController.swift */ = {isa = PBXFileReference; lastKnownFileType = sourcecode.swift; path = AuthViewController.swift; sourceTree = "<group>"; };
		EC05F9C026B2B8C5004DFF69 /* WelcomeViewController.swift */ = {isa = PBXFileReference; lastKnownFileType = sourcecode.swift; path = WelcomeViewController.swift; sourceTree = "<group>"; };
		EC05F9C226B2B8EA004DFF69 /* SettingsViewController.swift */ = {isa = PBXFileReference; lastKnownFileType = sourcecode.swift; path = SettingsViewController.swift; sourceTree = "<group>"; };
		EC05F9C426B2B93F004DFF69 /* ProfileViewController.swift */ = {isa = PBXFileReference; lastKnownFileType = sourcecode.swift; path = ProfileViewController.swift; sourceTree = "<group>"; };
		EC05F9C626B2B97E004DFF69 /* PlayerViewController.swift */ = {isa = PBXFileReference; lastKnownFileType = sourcecode.swift; path = PlayerViewController.swift; sourceTree = "<group>"; };
		EC05F9C826B2B9A3004DFF69 /* PlaylistViewController.swift */ = {isa = PBXFileReference; lastKnownFileType = sourcecode.swift; path = PlaylistViewController.swift; sourceTree = "<group>"; };
		EC05F9CB26B2B9C8004DFF69 /* SearchResultsViewController.swift */ = {isa = PBXFileReference; lastKnownFileType = sourcecode.swift; path = SearchResultsViewController.swift; sourceTree = "<group>"; };
		EC05F9CD26B2BA2D004DFF69 /* AuthManager.swift */ = {isa = PBXFileReference; lastKnownFileType = sourcecode.swift; path = AuthManager.swift; sourceTree = "<group>"; };
		EC05F9CF26B2BA42004DFF69 /* APICaller.swift */ = {isa = PBXFileReference; lastKnownFileType = sourcecode.swift; path = APICaller.swift; sourceTree = "<group>"; };
		EC05F9D126B2BA61004DFF69 /* HapticsManager.swift */ = {isa = PBXFileReference; lastKnownFileType = sourcecode.swift; path = HapticsManager.swift; sourceTree = "<group>"; };
		EC05F9D326B2BB13004DFF69 /* Playlist.swift */ = {isa = PBXFileReference; lastKnownFileType = sourcecode.swift; path = Playlist.swift; sourceTree = "<group>"; };
		EC05F9D526B2BB23004DFF69 /* AudioTrack.swift */ = {isa = PBXFileReference; lastKnownFileType = sourcecode.swift; path = AudioTrack.swift; sourceTree = "<group>"; };
		EC05F9D926B2BB44004DFF69 /* Artist.swift */ = {isa = PBXFileReference; lastKnownFileType = sourcecode.swift; path = Artist.swift; sourceTree = "<group>"; };
		EC05F9DB26B2BB53004DFF69 /* UserProfile.swift */ = {isa = PBXFileReference; lastKnownFileType = sourcecode.swift; path = UserProfile.swift; sourceTree = "<group>"; };
		EC05F9DD26B2C9C9004DFF69 /* Extensions.swift */ = {isa = PBXFileReference; lastKnownFileType = sourcecode.swift; path = Extensions.swift; sourceTree = "<group>"; };
		EC05F9DF26B3005E004DFF69 /* AuthResponse.swift */ = {isa = PBXFileReference; lastKnownFileType = sourcecode.swift; path = AuthResponse.swift; sourceTree = "<group>"; };
/* End PBXFileReference section */

/* Begin PBXFrameworksBuildPhase section */
		EC05F99626B2B474004DFF69 /* Frameworks */ = {
			isa = PBXFrameworksBuildPhase;
			buildActionMask = 2147483647;
			files = (
			);
			runOnlyForDeploymentPostprocessing = 0;
		};
/* End PBXFrameworksBuildPhase section */

/* Begin PBXGroup section */
		EC05F99026B2B474004DFF69 = {
			isa = PBXGroup;
			children = (
				EC05F99B26B2B474004DFF69 /* Spotify */,
				EC05F99A26B2B474004DFF69 /* Products */,
			);
			sourceTree = "<group>";
		};
		EC05F99A26B2B474004DFF69 /* Products */ = {
			isa = PBXGroup;
			children = (
				EC05F99926B2B474004DFF69 /* Spotify.app */,
			);
			name = Products;
			sourceTree = "<group>";
		};
		EC05F99B26B2B474004DFF69 /* Spotify */ = {
			isa = PBXGroup;
			children = (
				EC05F9B426B2B5AB004DFF69 /* Managers */,
				EC05F9B326B2B59F004DFF69 /* ViewModels */,
				EC05F9B226B2B599004DFF69 /* Models */,
				EC05F9B126B2B58F004DFF69 /* Views */,
				EC05F9B026B2B576004DFF69 /* Controllers */,
				EC05F9B526B2B5C0004DFF69 /* Resources */,
			);
			path = Spotify;
			sourceTree = "<group>";
		};
		EC05F9B026B2B576004DFF69 /* Controllers */ = {
			isa = PBXGroup;
			children = (
				EC05F9BD26B2B89F004DFF69 /* Other */,
				EC05F9BC26B2B87D004DFF69 /* Core */,
			);
			path = Controllers;
			sourceTree = "<group>";
		};
		EC05F9B126B2B58F004DFF69 /* Views */ = {
			isa = PBXGroup;
			children = (
				EC05F9A726B2B476004DFF69 /* LaunchScreen.storyboard */,
			);
			path = Views;
			sourceTree = "<group>";
		};
		EC05F9B226B2B599004DFF69 /* Models */ = {
			isa = PBXGroup;
			children = (
				EC05F9D326B2BB13004DFF69 /* Playlist.swift */,
				EC05F9D526B2BB23004DFF69 /* AudioTrack.swift */,
				EC05F9D926B2BB44004DFF69 /* Artist.swift */,
				EC05F9DB26B2BB53004DFF69 /* UserProfile.swift */,
				EC05F9DF26B3005E004DFF69 /* AuthResponse.swift */,
			);
			path = Models;
			sourceTree = "<group>";
		};
		EC05F9B326B2B59F004DFF69 /* ViewModels */ = {
			isa = PBXGroup;
			children = (
			);
			path = ViewModels;
			sourceTree = "<group>";
		};
		EC05F9B426B2B5AB004DFF69 /* Managers */ = {
			isa = PBXGroup;
			children = (
				EC05F9CD26B2BA2D004DFF69 /* AuthManager.swift */,
				EC05F9CF26B2BA42004DFF69 /* APICaller.swift */,
				EC05F9D126B2BA61004DFF69 /* HapticsManager.swift */,
			);
			path = Managers;
			sourceTree = "<group>";
		};
		EC05F9B526B2B5C0004DFF69 /* Resources */ = {
			isa = PBXGroup;
			children = (
				EC05F99C26B2B474004DFF69 /* AppDelegate.swift */,
				EC05F99E26B2B474004DFF69 /* SceneDelegate.swift */,
				EC05F9AA26B2B476004DFF69 /* Info.plist */,
				EC05F9A526B2B476004DFF69 /* Assets.xcassets */,
				EC05F9DD26B2C9C9004DFF69 /* Extensions.swift */,
			);
			path = Resources;
			sourceTree = "<group>";
		};
		EC05F9BC26B2B87D004DFF69 /* Core */ = {
			isa = PBXGroup;
			children = (
				EC05F9B626B2B7D9004DFF69 /* TabBarViewController.swift */,
				EC05F9A026B2B474004DFF69 /* HomeViewController.swift */,
				EC05F9B826B2B849004DFF69 /* SearchViewController.swift */,
				EC05F9BA26B2B869004DFF69 /* LibraryViewController.swift */,
			);
			path = Core;
			sourceTree = "<group>";
		};
		EC05F9BD26B2B89F004DFF69 /* Other */ = {
			isa = PBXGroup;
			children = (
				EC05F9BE26B2B8AF004DFF69 /* AuthViewController.swift */,
				EC05F9C026B2B8C5004DFF69 /* WelcomeViewController.swift */,
				EC05F9C226B2B8EA004DFF69 /* SettingsViewController.swift */,
				EC05F9C426B2B93F004DFF69 /* ProfileViewController.swift */,
				EC05F9C626B2B97E004DFF69 /* PlayerViewController.swift */,
				EC05F9C826B2B9A3004DFF69 /* PlaylistViewController.swift */,
				EC05F9CB26B2B9C8004DFF69 /* SearchResultsViewController.swift */,
			);
			path = Other;
			sourceTree = "<group>";
		};
/* End PBXGroup section */

/* Begin PBXNativeTarget section */
		EC05F99826B2B474004DFF69 /* Spotify */ = {
			isa = PBXNativeTarget;
			buildConfigurationList = EC05F9AD26B2B476004DFF69 /* Build configuration list for PBXNativeTarget "Spotify" */;
			buildPhases = (
				EC05F99526B2B474004DFF69 /* Sources */,
				EC05F99626B2B474004DFF69 /* Frameworks */,
				EC05F99726B2B474004DFF69 /* Resources */,
			);
			buildRules = (
			);
			dependencies = (
			);
			name = Spotify;
			productName = Spotify;
			productReference = EC05F99926B2B474004DFF69 /* Spotify.app */;
			productType = "com.apple.product-type.application";
		};
/* End PBXNativeTarget section */

/* Begin PBXProject section */
		EC05F99126B2B474004DFF69 /* Project object */ = {
			isa = PBXProject;
			attributes = {
				LastSwiftUpdateCheck = 1250;
				LastUpgradeCheck = 1250;
				TargetAttributes = {
					EC05F99826B2B474004DFF69 = {
						CreatedOnToolsVersion = 12.5.1;
					};
				};
			};
			buildConfigurationList = EC05F99426B2B474004DFF69 /* Build configuration list for PBXProject "Spotify" */;
			compatibilityVersion = "Xcode 9.3";
			developmentRegion = en;
			hasScannedForEncodings = 0;
			knownRegions = (
				en,
				Base,
			);
			mainGroup = EC05F99026B2B474004DFF69;
			productRefGroup = EC05F99A26B2B474004DFF69 /* Products */;
			projectDirPath = "";
			projectRoot = "";
			targets = (
				EC05F99826B2B474004DFF69 /* Spotify */,
			);
		};
/* End PBXProject section */

/* Begin PBXResourcesBuildPhase section */
		EC05F99726B2B474004DFF69 /* Resources */ = {
			isa = PBXResourcesBuildPhase;
			buildActionMask = 2147483647;
			files = (
				EC05F9A926B2B476004DFF69 /* LaunchScreen.storyboard in Resources */,
				EC05F9A626B2B476004DFF69 /* Assets.xcassets in Resources */,
			);
			runOnlyForDeploymentPostprocessing = 0;
		};
/* End PBXResourcesBuildPhase section */

/* Begin PBXSourcesBuildPhase section */
		EC05F99526B2B474004DFF69 /* Sources */ = {
			isa = PBXSourcesBuildPhase;
			buildActionMask = 2147483647;
			files = (
				EC05F9B926B2B849004DFF69 /* SearchViewController.swift in Sources */,
				EC05F9D426B2BB13004DFF69 /* Playlist.swift in Sources */,
				EC05F9CE26B2BA2D004DFF69 /* AuthManager.swift in Sources */,
				EC05F9CC26B2B9C8004DFF69 /* SearchResultsViewController.swift in Sources */,
				EC05F9C126B2B8C5004DFF69 /* WelcomeViewController.swift in Sources */,
				EC05F9C526B2B93F004DFF69 /* ProfileViewController.swift in Sources */,
				EC05F9B726B2B7D9004DFF69 /* TabBarViewController.swift in Sources */,
				EC05F9D226B2BA61004DFF69 /* HapticsManager.swift in Sources */,
				EC05F9E026B3005E004DFF69 /* AuthResponse.swift in Sources */,
				EC05F9D626B2BB23004DFF69 /* AudioTrack.swift in Sources */,
				EC05F9A126B2B474004DFF69 /* HomeViewController.swift in Sources */,
				EC05F9BF26B2B8AF004DFF69 /* AuthViewController.swift in Sources */,
				EC05F99D26B2B474004DFF69 /* AppDelegate.swift in Sources */,
				EC05F9DC26B2BB53004DFF69 /* UserProfile.swift in Sources */,
				EC05F9DE26B2C9C9004DFF69 /* Extensions.swift in Sources */,
				EC05F9BB26B2B869004DFF69 /* LibraryViewController.swift in Sources */,
				EC05F9DA26B2BB44004DFF69 /* Artist.swift in Sources */,
				EC05F9C926B2B9A3004DFF69 /* PlaylistViewController.swift in Sources */,
				EC05F99F26B2B474004DFF69 /* SceneDelegate.swift in Sources */,
				EC05F9C726B2B97E004DFF69 /* PlayerViewController.swift in Sources */,
				EC05F9D026B2BA42004DFF69 /* APICaller.swift in Sources */,
				EC05F9C326B2B8EA004DFF69 /* SettingsViewController.swift in Sources */,
			);
			runOnlyForDeploymentPostprocessing = 0;
		};
/* End PBXSourcesBuildPhase section */

/* Begin PBXVariantGroup section */
		EC05F9A726B2B476004DFF69 /* LaunchScreen.storyboard */ = {
			isa = PBXVariantGroup;
			children = (
				EC05F9A826B2B476004DFF69 /* Base */,
			);
			name = LaunchScreen.storyboard;
			sourceTree = "<group>";
		};
/* End PBXVariantGroup section */

/* Begin XCBuildConfiguration section */
		EC05F9AB26B2B476004DFF69 /* Debug */ = {
			isa = XCBuildConfiguration;
			buildSettings = {
				ALWAYS_SEARCH_USER_PATHS = NO;
				CLANG_ANALYZER_NONNULL = YES;
				CLANG_ANALYZER_NUMBER_OBJECT_CONVERSION = YES_AGGRESSIVE;
				CLANG_CXX_LANGUAGE_STANDARD = "gnu++14";
				CLANG_CXX_LIBRARY = "libc++";
				CLANG_ENABLE_MODULES = YES;
				CLANG_ENABLE_OBJC_ARC = YES;
				CLANG_ENABLE_OBJC_WEAK = YES;
				CLANG_WARN_BLOCK_CAPTURE_AUTORELEASING = YES;
				CLANG_WARN_BOOL_CONVERSION = YES;
				CLANG_WARN_COMMA = YES;
				CLANG_WARN_CONSTANT_CONVERSION = YES;
				CLANG_WARN_DEPRECATED_OBJC_IMPLEMENTATIONS = YES;
				CLANG_WARN_DIRECT_OBJC_ISA_USAGE = YES_ERROR;
				CLANG_WARN_DOCUMENTATION_COMMENTS = YES;
				CLANG_WARN_EMPTY_BODY = YES;
				CLANG_WARN_ENUM_CONVERSION = YES;
				CLANG_WARN_INFINITE_RECURSION = YES;
				CLANG_WARN_INT_CONVERSION = YES;
				CLANG_WARN_NON_LITERAL_NULL_CONVERSION = YES;
				CLANG_WARN_OBJC_IMPLICIT_RETAIN_SELF = YES;
				CLANG_WARN_OBJC_LITERAL_CONVERSION = YES;
				CLANG_WARN_OBJC_ROOT_CLASS = YES_ERROR;
				CLANG_WARN_QUOTED_INCLUDE_IN_FRAMEWORK_HEADER = YES;
				CLANG_WARN_RANGE_LOOP_ANALYSIS = YES;
				CLANG_WARN_STRICT_PROTOTYPES = YES;
				CLANG_WARN_SUSPICIOUS_MOVE = YES;
				CLANG_WARN_UNGUARDED_AVAILABILITY = YES_AGGRESSIVE;
				CLANG_WARN_UNREACHABLE_CODE = YES;
				CLANG_WARN__DUPLICATE_METHOD_MATCH = YES;
				COPY_PHASE_STRIP = NO;
				DEBUG_INFORMATION_FORMAT = dwarf;
				ENABLE_STRICT_OBJC_MSGSEND = YES;
				ENABLE_TESTABILITY = YES;
				GCC_C_LANGUAGE_STANDARD = gnu11;
				GCC_DYNAMIC_NO_PIC = NO;
				GCC_NO_COMMON_BLOCKS = YES;
				GCC_OPTIMIZATION_LEVEL = 0;
				GCC_PREPROCESSOR_DEFINITIONS = (
					"DEBUG=1",
					"$(inherited)",
				);
				GCC_WARN_64_TO_32_BIT_CONVERSION = YES;
				GCC_WARN_ABOUT_RETURN_TYPE = YES_ERROR;
				GCC_WARN_UNDECLARED_SELECTOR = YES;
				GCC_WARN_UNINITIALIZED_AUTOS = YES_AGGRESSIVE;
				GCC_WARN_UNUSED_FUNCTION = YES;
				GCC_WARN_UNUSED_VARIABLE = YES;
				IPHONEOS_DEPLOYMENT_TARGET = 14.5;
				MTL_ENABLE_DEBUG_INFO = INCLUDE_SOURCE;
				MTL_FAST_MATH = YES;
				ONLY_ACTIVE_ARCH = YES;
				SDKROOT = iphoneos;
				SWIFT_ACTIVE_COMPILATION_CONDITIONS = DEBUG;
				SWIFT_OPTIMIZATION_LEVEL = "-Onone";
			};
			name = Debug;
		};
		EC05F9AC26B2B476004DFF69 /* Release */ = {
			isa = XCBuildConfiguration;
			buildSettings = {
				ALWAYS_SEARCH_USER_PATHS = NO;
				CLANG_ANALYZER_NONNULL = YES;
				CLANG_ANALYZER_NUMBER_OBJECT_CONVERSION = YES_AGGRESSIVE;
				CLANG_CXX_LANGUAGE_STANDARD = "gnu++14";
				CLANG_CXX_LIBRARY = "libc++";
				CLANG_ENABLE_MODULES = YES;
				CLANG_ENABLE_OBJC_ARC = YES;
				CLANG_ENABLE_OBJC_WEAK = YES;
				CLANG_WARN_BLOCK_CAPTURE_AUTORELEASING = YES;
				CLANG_WARN_BOOL_CONVERSION = YES;
				CLANG_WARN_COMMA = YES;
				CLANG_WARN_CONSTANT_CONVERSION = YES;
				CLANG_WARN_DEPRECATED_OBJC_IMPLEMENTATIONS = YES;
				CLANG_WARN_DIRECT_OBJC_ISA_USAGE = YES_ERROR;
				CLANG_WARN_DOCUMENTATION_COMMENTS = YES;
				CLANG_WARN_EMPTY_BODY = YES;
				CLANG_WARN_ENUM_CONVERSION = YES;
				CLANG_WARN_INFINITE_RECURSION = YES;
				CLANG_WARN_INT_CONVERSION = YES;
				CLANG_WARN_NON_LITERAL_NULL_CONVERSION = YES;
				CLANG_WARN_OBJC_IMPLICIT_RETAIN_SELF = YES;
				CLANG_WARN_OBJC_LITERAL_CONVERSION = YES;
				CLANG_WARN_OBJC_ROOT_CLASS = YES_ERROR;
				CLANG_WARN_QUOTED_INCLUDE_IN_FRAMEWORK_HEADER = YES;
				CLANG_WARN_RANGE_LOOP_ANALYSIS = YES;
				CLANG_WARN_STRICT_PROTOTYPES = YES;
				CLANG_WARN_SUSPICIOUS_MOVE = YES;
				CLANG_WARN_UNGUARDED_AVAILABILITY = YES_AGGRESSIVE;
				CLANG_WARN_UNREACHABLE_CODE = YES;
				CLANG_WARN__DUPLICATE_METHOD_MATCH = YES;
				COPY_PHASE_STRIP = NO;
				DEBUG_INFORMATION_FORMAT = "dwarf-with-dsym";
				ENABLE_NS_ASSERTIONS = NO;
				ENABLE_STRICT_OBJC_MSGSEND = YES;
				GCC_C_LANGUAGE_STANDARD = gnu11;
				GCC_NO_COMMON_BLOCKS = YES;
				GCC_WARN_64_TO_32_BIT_CONVERSION = YES;
				GCC_WARN_ABOUT_RETURN_TYPE = YES_ERROR;
				GCC_WARN_UNDECLARED_SELECTOR = YES;
				GCC_WARN_UNINITIALIZED_AUTOS = YES_AGGRESSIVE;
				GCC_WARN_UNUSED_FUNCTION = YES;
				GCC_WARN_UNUSED_VARIABLE = YES;
				IPHONEOS_DEPLOYMENT_TARGET = 14.5;
				MTL_ENABLE_DEBUG_INFO = NO;
				MTL_FAST_MATH = YES;
				SDKROOT = iphoneos;
				SWIFT_COMPILATION_MODE = wholemodule;
				SWIFT_OPTIMIZATION_LEVEL = "-O";
				VALIDATE_PRODUCT = YES;
			};
			name = Release;
		};
		EC05F9AE26B2B476004DFF69 /* Debug */ = {
			isa = XCBuildConfiguration;
			buildSettings = {
				ASSETCATALOG_COMPILER_APPICON_NAME = AppIcon;
				ASSETCATALOG_COMPILER_GLOBAL_ACCENT_COLOR_NAME = AccentColor;
				CODE_SIGN_STYLE = Automatic;
				DEVELOPMENT_TEAM = NUMRL3MBS4;
				INFOPLIST_FILE = Spotify/Resources/Info.plist;
				LD_RUNPATH_SEARCH_PATHS = (
					"$(inherited)",
					"@executable_path/Frameworks",
				);
				PRODUCT_BUNDLE_IDENTIFIER = SwifteriOS.Spotify;
				PRODUCT_NAME = "$(TARGET_NAME)";
				SWIFT_VERSION = 5.0;
				TARGETED_DEVICE_FAMILY = 1;
			};
			name = Debug;
		};
		EC05F9AF26B2B476004DFF69 /* Release */ = {
			isa = XCBuildConfiguration;
			buildSettings = {
				ASSETCATALOG_COMPILER_APPICON_NAME = AppIcon;
				ASSETCATALOG_COMPILER_GLOBAL_ACCENT_COLOR_NAME = AccentColor;
				CODE_SIGN_STYLE = Automatic;
				DEVELOPMENT_TEAM = NUMRL3MBS4;
				INFOPLIST_FILE = Spotify/Resources/Info.plist;
				LD_RUNPATH_SEARCH_PATHS = (
					"$(inherited)",
					"@executable_path/Frameworks",
				);
				PRODUCT_BUNDLE_IDENTIFIER = SwifteriOS.Spotify;
				PRODUCT_NAME = "$(TARGET_NAME)";
				SWIFT_VERSION = 5.0;
				TARGETED_DEVICE_FAMILY = 1;
			};
			name = Release;
		};
/* End XCBuildConfiguration section */

/* Begin XCConfigurationList section */
		EC05F99426B2B474004DFF69 /* Build configuration list for PBXProject "Spotify" */ = {
			isa = XCConfigurationList;
			buildConfigurations = (
				EC05F9AB26B2B476004DFF69 /* Debug */,
				EC05F9AC26B2B476004DFF69 /* Release */,
			);
			defaultConfigurationIsVisible = 0;
			defaultConfigurationName = Release;
		};
		EC05F9AD26B2B476004DFF69 /* Build configuration list for PBXNativeTarget "Spotify" */ = {
			isa = XCConfigurationList;
			buildConfigurations = (
				EC05F9AE26B2B476004DFF69 /* Debug */,
				EC05F9AF26B2B476004DFF69 /* Release */,
			);
			defaultConfigurationIsVisible = 0;
			defaultConfigurationName = Release;
		};
/* End XCConfigurationList section */
	};
	rootObject = EC05F99126B2B474004DFF69 /* Project object */;
}
